
Microsoft Visual Studio Solution File, Format Version 12.00
Project("{F2A71F9B-5D33-465A-A702-920D77279786}") = "PerfTester.Server", "PerfTester.Server\PerfTester.Server.fsproj", "{5E62557F-10EC-44FC-B84B-B3D955B982FE}"
EndProject
Project("{FAE04EC0-301F-11D3-BF4B-00C04F79EFBC}") = "PerfTester.Server.Proto", "PerfTester.Server.Proto\PerfTester.Server.Proto.csproj", "{BF076443-094B-4DAF-BC09-4EFCE091A4D0}"
EndProject
Global
	GlobalSection(SolutionConfigurationPlatforms) = preSolution
		Debug|Any CPU = Debug|Any CPU
		Release|Any CPU = Release|Any CPU
	EndGlobalSection
	GlobalSection(ProjectConfigurationPlatforms) = postSolution
		{5E62557F-10EC-44FC-B84B-B3D955B982FE}.Debug|Any CPU.ActiveCfg = Debug|Any CPU
		{5E62557F-10EC-44FC-B84B-B3D955B982FE}.Debug|Any CPU.Build.0 = Debug|Any CPU
		{5E62557F-10EC-44FC-B84B-B3D955B982FE}.Release|Any CPU.ActiveCfg = Release|Any CPU
		{5E62557F-10EC-44FC-B84B-B3D955B982FE}.Release|Any CPU.Build.0 = Release|Any CPU
		{BF076443-094B-4DAF-BC09-4EFCE091A4D0}.Debug|Any CPU.ActiveCfg = Debug|Any CPU
		{BF076443-094B-4DAF-BC09-4EFCE091A4D0}.Debug|Any CPU.Build.0 = Debug|Any CPU
		{BF076443-094B-4DAF-BC09-4EFCE091A4D0}.Release|Any CPU.ActiveCfg = Release|Any CPU
		{BF076443-094B-4DAF-BC09-4EFCE091A4D0}.Release|Any CPU.Build.0 = Release|Any CPU
	EndGlobalSection
EndGlobal
